
Microsoft Visual Studio Solution File, Format Version 12.00
# Visual Studio Version 17
VisualStudioVersion = 17.11.35327.3
MinimumVisualStudioVersion = 10.0.40219.1
Project("{FAE04EC0-301F-11D3-BF4B-00C04F79EFBC}") = "ButtonCommand-2429197", "ButtonCommand-2429197\ButtonCommand-2429197.csproj", "{3421F03C-BD8C-44BE-880B-008884BB0BD2}"
EndProject
Global
	GlobalSection(SolutionConfigurationPlatforms) = preSolution
		Debug|Any CPU = Debug|Any CPU
		Release|Any CPU = Release|Any CPU
	EndGlobalSection
	GlobalSection(ProjectConfigurationPlatforms) = postSolution
		{3421F03C-BD8C-44BE-880B-008884BB0BD2}.Debug|Any CPU.ActiveCfg = Debug|Any CPU
		{3421F03C-BD8C-44BE-880B-008884BB0BD2}.Debug|Any CPU.Build.0 = Debug|Any CPU
		{3421F03C-BD8C-44BE-880B-008884BB0BD2}.Release|Any CPU.ActiveCfg = Release|Any CPU
		{3421F03C-BD8C-44BE-880B-008884BB0BD2}.Release|Any CPU.Build.0 = Release|Any CPU
	EndGlobalSection
	GlobalSection(SolutionProperties) = preSolution
		HideSolutionNode = FALSE
	EndGlobalSection
	GlobalSection(ExtensibilityGlobals) = postSolution
		SolutionGuid = {BA907318-6CD3-49DD-99DB-57C46B7FC9F4}
	EndGlobalSection
EndGlobal
